
Microsoft Visual Studio Solution File, Format Version 12.00
# Visual Studio Version 17
VisualStudioVersion = 17.6.33801.468
MinimumVisualStudioVersion = 10.0.40219.1
Project("{FAE04EC0-301F-11D3-BF4B-00C04F79EFBC}") = "Progress_Store", "Progress_Store.csproj", "{B8975819-6C6E-4BC7-A659-09F7E2C0CC4A}"
EndProject
Global
	GlobalSection(SolutionConfigurationPlatforms) = preSolution
		Debug|Any CPU = Debug|Any CPU
		Release|Any CPU = Release|Any CPU
	EndGlobalSection
	GlobalSection(ProjectConfigurationPlatforms) = postSolution
		{B8975819-6C6E-4BC7-A659-09F7E2C0CC4A}.Debug|Any CPU.ActiveCfg = Debug|Any CPU
		{B8975819-6C6E-4BC7-A659-09F7E2C0CC4A}.Debug|Any CPU.Build.0 = Debug|Any CPU
		{B8975819-6C6E-4BC7-A659-09F7E2C0CC4A}.Release|Any CPU.ActiveCfg = Release|Any CPU
		{B8975819-6C6E-4BC7-A659-09F7E2C0CC4A}.Release|Any CPU.Build.0 = Release|Any CPU
	EndGlobalSection
	GlobalSection(SolutionProperties) = preSolution
		HideSolutionNode = FALSE
	EndGlobalSection
	GlobalSection(ExtensibilityGlobals) = postSolution
		SolutionGuid = {B8F3FDCB-C5E8-42B0-A807-2C3F10F643DA}
	EndGlobalSection
EndGlobal
